// !$*UTF8*$!
{
	archiveVersion = 1;
	classes = {
	};
	objectVersion = 50;
	objects = {

/* Begin PBXBuildFile section */
		A833E6D926A60994009603F8 /* AppDelegate.swift in Sources */ = {isa = PBXBuildFile; fileRef = A833E6D826A60994009603F8 /* AppDelegate.swift */; };
		A833E6DB26A60994009603F8 /* SceneDelegate.swift in Sources */ = {isa = PBXBuildFile; fileRef = A833E6DA26A60994009603F8 /* SceneDelegate.swift */; };
		A833E6E026A60994009603F8 /* Main.storyboard in Resources */ = {isa = PBXBuildFile; fileRef = A833E6DE26A60994009603F8 /* Main.storyboard */; };
		A833E6E326A60994009603F8 /* To_Do_List.xcdatamodeld in Sources */ = {isa = PBXBuildFile; fileRef = A833E6E126A60994009603F8 /* To_Do_List.xcdatamodeld */; };
		A833E6E526A60995009603F8 /* Assets.xcassets in Resources */ = {isa = PBXBuildFile; fileRef = A833E6E426A60995009603F8 /* Assets.xcassets */; };
		A833E6E826A60995009603F8 /* LaunchScreen.storyboard in Resources */ = {isa = PBXBuildFile; fileRef = A833E6E626A60995009603F8 /* LaunchScreen.storyboard */; };
		A833E6F026A60B1F009603F8 /* ToDoTableTableViewController.swift in Sources */ = {isa = PBXBuildFile; fileRef = A833E6EF26A60B1F009603F8 /* ToDoTableTableViewController.swift */; };
		A833E6F226A60B71009603F8 /* ToDo.swift in Sources */ = {isa = PBXBuildFile; fileRef = A833E6F126A60B71009603F8 /* ToDo.swift */; };
		A833E6F426A60F6F009603F8 /* AddToDoViewController.swift in Sources */ = {isa = PBXBuildFile; fileRef = A833E6F326A60F6F009603F8 /* AddToDoViewController.swift */; };
		A833E6F626A61F4A009603F8 /* CompleteToDoViewController.swift in Sources */ = {isa = PBXBuildFile; fileRef = A833E6F526A61F4A009603F8 /* CompleteToDoViewController.swift */; };
		C16FD18126A8BCF500EFF36F /* NameViewController.swift in Sources */ = {isa = PBXBuildFile; fileRef = C16FD18026A8BCF500EFF36F /* NameViewController.swift */; };
/* End PBXBuildFile section */

/* Begin PBXFileReference section */
		A833E6D526A60994009603F8 /* To-Do List.app */ = {isa = PBXFileReference; explicitFileType = wrapper.application; includeInIndex = 0; path = "To-Do List.app"; sourceTree = BUILT_PRODUCTS_DIR; };
		A833E6D826A60994009603F8 /* AppDelegate.swift */ = {isa = PBXFileReference; lastKnownFileType = sourcecode.swift; path = AppDelegate.swift; sourceTree = "<group>"; };
		A833E6DA26A60994009603F8 /* SceneDelegate.swift */ = {isa = PBXFileReference; lastKnownFileType = sourcecode.swift; path = SceneDelegate.swift; sourceTree = "<group>"; };
		A833E6DF26A60994009603F8 /* Base */ = {isa = PBXFileReference; lastKnownFileType = file.storyboard; name = Base; path = Base.lproj/Main.storyboard; sourceTree = "<group>"; };
		A833E6E226A60994009603F8 /* To_Do_List.xcdatamodel */ = {isa = PBXFileReference; lastKnownFileType = wrapper.xcdatamodel; path = To_Do_List.xcdatamodel; sourceTree = "<group>"; };
		A833E6E426A60995009603F8 /* Assets.xcassets */ = {isa = PBXFileReference; lastKnownFileType = folder.assetcatalog; path = Assets.xcassets; sourceTree = "<group>"; };
		A833E6E726A60995009603F8 /* Base */ = {isa = PBXFileReference; lastKnownFileType = file.storyboard; name = Base; path = Base.lproj/LaunchScreen.storyboard; sourceTree = "<group>"; };
		A833E6E926A60995009603F8 /* Info.plist */ = {isa = PBXFileReference; lastKnownFileType = text.plist.xml; path = Info.plist; sourceTree = "<group>"; };
		A833E6EF26A60B1F009603F8 /* ToDoTableTableViewController.swift */ = {isa = PBXFileReference; lastKnownFileType = sourcecode.swift; path = ToDoTableTableViewController.swift; sourceTree = "<group>"; };
		A833E6F126A60B71009603F8 /* ToDo.swift */ = {isa = PBXFileReference; lastKnownFileType = sourcecode.swift; path = ToDo.swift; sourceTree = "<group>"; };
		A833E6F326A60F6F009603F8 /* AddToDoViewController.swift */ = {isa = PBXFileReference; lastKnownFileType = sourcecode.swift; path = AddToDoViewController.swift; sourceTree = "<group>"; };
		A833E6F526A61F4A009603F8 /* CompleteToDoViewController.swift */ = {isa = PBXFileReference; lastKnownFileType = sourcecode.swift; path = CompleteToDoViewController.swift; sourceTree = "<group>"; };
		C16FD18026A8BCF500EFF36F /* NameViewController.swift */ = {isa = PBXFileReference; lastKnownFileType = sourcecode.swift; path = NameViewController.swift; sourceTree = "<group>"; };
/* End PBXFileReference section */

/* Begin PBXFrameworksBuildPhase section */
		A833E6D226A60994009603F8 /* Frameworks */ = {
			isa = PBXFrameworksBuildPhase;
			buildActionMask = 2147483647;
			files = (
			);
			runOnlyForDeploymentPostprocessing = 0;
		};
/* End PBXFrameworksBuildPhase section */

/* Begin PBXGroup section */
		A833E6CC26A60994009603F8 = {
			isa = PBXGroup;
			children = (
				A833E6D726A60994009603F8 /* To-Do List */,
				A833E6D626A60994009603F8 /* Products */,
			);
			sourceTree = "<group>";
		};
		A833E6D626A60994009603F8 /* Products */ = {
			isa = PBXGroup;
			children = (
				A833E6D526A60994009603F8 /* To-Do List.app */,
			);
			name = Products;
			sourceTree = "<group>";
		};
		A833E6D726A60994009603F8 /* To-Do List */ = {
			isa = PBXGroup;
			children = (
				A833E6D826A60994009603F8 /* AppDelegate.swift */,
				A833E6DA26A60994009603F8 /* SceneDelegate.swift */,
				A833E6DE26A60994009603F8 /* Main.storyboard */,
				A833E6F526A61F4A009603F8 /* CompleteToDoViewController.swift */,
				A833E6F326A60F6F009603F8 /* AddToDoViewController.swift */,
				A833E6F126A60B71009603F8 /* ToDo.swift */,
				C16FD18026A8BCF500EFF36F /* NameViewController.swift */,
				A833E6EF26A60B1F009603F8 /* ToDoTableTableViewController.swift */,
				A833E6E426A60995009603F8 /* Assets.xcassets */,
				A833E6E626A60995009603F8 /* LaunchScreen.storyboard */,
				A833E6E926A60995009603F8 /* Info.plist */,
				A833E6E126A60994009603F8 /* To_Do_List.xcdatamodeld */,
			);
			path = "To-Do List";
			sourceTree = "<group>";
		};
/* End PBXGroup section */

/* Begin PBXNativeTarget section */
		A833E6D426A60994009603F8 /* To-Do List */ = {
			isa = PBXNativeTarget;
			buildConfigurationList = A833E6EC26A60995009603F8 /* Build configuration list for PBXNativeTarget "To-Do List" */;
			buildPhases = (
				A833E6D126A60994009603F8 /* Sources */,
				A833E6D226A60994009603F8 /* Frameworks */,
				A833E6D326A60994009603F8 /* Resources */,
			);
			buildRules = (
			);
			dependencies = (
			);
			name = "To-Do List";
			productName = "To-Do List";
			productReference = A833E6D526A60994009603F8 /* To-Do List.app */;
			productType = "com.apple.product-type.application";
		};
/* End PBXNativeTarget section */

/* Begin PBXProject section */
		A833E6CD26A60994009603F8 /* Project object */ = {
			isa = PBXProject;
			attributes = {
				LastSwiftUpdateCheck = 1250;
				LastUpgradeCheck = 1250;
				TargetAttributes = {
					A833E6D426A60994009603F8 = {
						CreatedOnToolsVersion = 12.5;
					};
				};
			};
			buildConfigurationList = A833E6D026A60994009603F8 /* Build configuration list for PBXProject "To-Do List" */;
			compatibilityVersion = "Xcode 9.3";
			developmentRegion = en;
			hasScannedForEncodings = 0;
			knownRegions = (
				en,
				Base,
			);
			mainGroup = A833E6CC26A60994009603F8;
			productRefGroup = A833E6D626A60994009603F8 /* Products */;
			projectDirPath = "";
			projectRoot = "";
			targets = (
				A833E6D426A60994009603F8 /* To-Do List */,
			);
		};
/* End PBXProject section */

/* Begin PBXResourcesBuildPhase section */
		A833E6D326A60994009603F8 /* Resources */ = {
			isa = PBXResourcesBuildPhase;
			buildActionMask = 2147483647;
			files = (
				A833E6E826A60995009603F8 /* LaunchScreen.storyboard in Resources */,
				A833E6E526A60995009603F8 /* Assets.xcassets in Resources */,
				A833E6E026A60994009603F8 /* Main.storyboard in Resources */,
			);
			runOnlyForDeploymentPostprocessing = 0;
		};
/* End PBXResourcesBuildPhase section */

/* Begin PBXSourcesBuildPhase section */
		A833E6D126A60994009603F8 /* Sources */ = {
			isa = PBXSourcesBuildPhase;
			buildActionMask = 2147483647;
			files = (
				A833E6D926A60994009603F8 /* AppDelegate.swift in Sources */,
				A833E6F226A60B71009603F8 /* ToDo.swift in Sources */,
				A833E6DB26A60994009603F8 /* SceneDelegate.swift in Sources */,
				C16FD18126A8BCF500EFF36F /* NameViewController.swift in Sources */,
				A833E6F626A61F4A009603F8 /* CompleteToDoViewController.swift in Sources */,
				A833E6F026A60B1F009603F8 /* ToDoTableTableViewController.swift in Sources */,
				A833E6F426A60F6F009603F8 /* AddToDoViewController.swift in Sources */,
				A833E6E326A60994009603F8 /* To_Do_List.xcdatamodeld in Sources */,
			);
			runOnlyForDeploymentPostprocessing = 0;
		};
/* End PBXSourcesBuildPhase section */

/* Begin PBXVariantGroup section */
		A833E6DE26A60994009603F8 /* Main.storyboard */ = {
			isa = PBXVariantGroup;
			children = (
				A833E6DF26A60994009603F8 /* Base */,
			);
			name = Main.storyboard;
			sourceTree = "<group>";
		};
		A833E6E626A60995009603F8 /* LaunchScreen.storyboard */ = {
			isa = PBXVariantGroup;
			children = (
				A833E6E726A60995009603F8 /* Base */,
			);
			name = LaunchScreen.storyboard;
			sourceTree = "<group>";
		};
/* End PBXVariantGroup section */

/* Begin XCBuildConfiguration section */
		A833E6EA26A60995009603F8 /* Debug */ = {
			isa = XCBuildConfiguration;
			buildSettings = {
				ALWAYS_SEARCH_USER_PATHS = NO;
				CLANG_ANALYZER_NONNULL = YES;
				CLANG_ANALYZER_NUMBER_OBJECT_CONVERSION = YES_AGGRESSIVE;
				CLANG_CXX_LANGUAGE_STANDARD = "gnu++14";
				CLANG_CXX_LIBRARY = "libc++";
				CLANG_ENABLE_MODULES = YES;
				CLANG_ENABLE_OBJC_ARC = YES;
				CLANG_ENABLE_OBJC_WEAK = YES;
				CLANG_WARN_BLOCK_CAPTURE_AUTORELEASING = YES;
				CLANG_WARN_BOOL_CONVERSION = YES;
				CLANG_WARN_COMMA = YES;
				CLANG_WARN_CONSTANT_CONVERSION = YES;
				CLANG_WARN_DEPRECATED_OBJC_IMPLEMENTATIONS = YES;
				CLANG_WARN_DIRECT_OBJC_ISA_USAGE = YES_ERROR;
				CLANG_WARN_DOCUMENTATION_COMMENTS = YES;
				CLANG_WARN_EMPTY_BODY = YES;
				CLANG_WARN_ENUM_CONVERSION = YES;
				CLANG_WARN_INFINITE_RECURSION = YES;
				CLANG_WARN_INT_CONVERSION = YES;
				CLANG_WARN_NON_LITERAL_NULL_CONVERSION = YES;
				CLANG_WARN_OBJC_IMPLICIT_RETAIN_SELF = YES;
				CLANG_WARN_OBJC_LITERAL_CONVERSION = YES;
				CLANG_WARN_OBJC_ROOT_CLASS = YES_ERROR;
				CLANG_WARN_QUOTED_INCLUDE_IN_FRAMEWORK_HEADER = YES;
				CLANG_WARN_RANGE_LOOP_ANALYSIS = YES;
				CLANG_WARN_STRICT_PROTOTYPES = YES;
				CLANG_WARN_SUSPICIOUS_MOVE = YES;
				CLANG_WARN_UNGUARDED_AVAILABILITY = YES_AGGRESSIVE;
				CLANG_WARN_UNREACHABLE_CODE = YES;
				CLANG_WARN__DUPLICATE_METHOD_MATCH = YES;
				COPY_PHASE_STRIP = NO;
				DEBUG_INFORMATION_FORMAT = dwarf;
				ENABLE_STRICT_OBJC_MSGSEND = YES;
				ENABLE_TESTABILITY = YES;
				GCC_C_LANGUAGE_STANDARD = gnu11;
				GCC_DYNAMIC_NO_PIC = NO;
				GCC_NO_COMMON_BLOCKS = YES;
				GCC_OPTIMIZATION_LEVEL = 0;
				GCC_PREPROCESSOR_DEFINITIONS = (
					"DEBUG=1",
					"$(inherited)",
				);
				GCC_WARN_64_TO_32_BIT_CONVERSION = YES;
				GCC_WARN_ABOUT_RETURN_TYPE = YES_ERROR;
				GCC_WARN_UNDECLARED_SELECTOR = YES;
				GCC_WARN_UNINITIALIZED_AUTOS = YES_AGGRESSIVE;
				GCC_WARN_UNUSED_FUNCTION = YES;
				GCC_WARN_UNUSED_VARIABLE = YES;
				IPHONEOS_DEPLOYMENT_TARGET = 14.5;
				MTL_ENABLE_DEBUG_INFO = INCLUDE_SOURCE;
				MTL_FAST_MATH = YES;
				ONLY_ACTIVE_ARCH = YES;
				SDKROOT = iphoneos;
				SWIFT_ACTIVE_COMPILATION_CONDITIONS = DEBUG;
				SWIFT_OPTIMIZATION_LEVEL = "-Onone";
			};
			name = Debug;
		};
		A833E6EB26A60995009603F8 /* Release */ = {
			isa = XCBuildConfiguration;
			buildSettings = {
				ALWAYS_SEARCH_USER_PATHS = NO;
				CLANG_ANALYZER_NONNULL = YES;
				CLANG_ANALYZER_NUMBER_OBJECT_CONVERSION = YES_AGGRESSIVE;
				CLANG_CXX_LANGUAGE_STANDARD = "gnu++14";
				CLANG_CXX_LIBRARY = "libc++";
				CLANG_ENABLE_MODULES = YES;
				CLANG_ENABLE_OBJC_ARC = YES;
				CLANG_ENABLE_OBJC_WEAK = YES;
				CLANG_WARN_BLOCK_CAPTURE_AUTORELEASING = YES;
				CLANG_WARN_BOOL_CONVERSION = YES;
				CLANG_WARN_COMMA = YES;
				CLANG_WARN_CONSTANT_CONVERSION = YES;
				CLANG_WARN_DEPRECATED_OBJC_IMPLEMENTATIONS = YES;
				CLANG_WARN_DIRECT_OBJC_ISA_USAGE = YES_ERROR;
				CLANG_WARN_DOCUMENTATION_COMMENTS = YES;
				CLANG_WARN_EMPTY_BODY = YES;
				CLANG_WARN_ENUM_CONVERSION = YES;
				CLANG_WARN_INFINITE_RECURSION = YES;
				CLANG_WARN_INT_CONVERSION = YES;
				CLANG_WARN_NON_LITERAL_NULL_CONVERSION = YES;
				CLANG_WARN_OBJC_IMPLICIT_RETAIN_SELF = YES;
				CLANG_WARN_OBJC_LITERAL_CONVERSION = YES;
				CLANG_WARN_OBJC_ROOT_CLASS = YES_ERROR;
				CLANG_WARN_QUOTED_INCLUDE_IN_FRAMEWORK_HEADER = YES;
				CLANG_WARN_RANGE_LOOP_ANALYSIS = YES;
				CLANG_WARN_STRICT_PROTOTYPES = YES;
				CLANG_WARN_SUSPICIOUS_MOVE = YES;
				CLANG_WARN_UNGUARDED_AVAILABILITY = YES_AGGRESSIVE;
				CLANG_WARN_UNREACHABLE_CODE = YES;
				CLANG_WARN__DUPLICATE_METHOD_MATCH = YES;
				COPY_PHASE_STRIP = NO;
				DEBUG_INFORMATION_FORMAT = "dwarf-with-dsym";
				ENABLE_NS_ASSERTIONS = NO;
				ENABLE_STRICT_OBJC_MSGSEND = YES;
				GCC_C_LANGUAGE_STANDARD = gnu11;
				GCC_NO_COMMON_BLOCKS = YES;
				GCC_WARN_64_TO_32_BIT_CONVERSION = YES;
				GCC_WARN_ABOUT_RETURN_TYPE = YES_ERROR;
				GCC_WARN_UNDECLARED_SELECTOR = YES;
				GCC_WARN_UNINITIALIZED_AUTOS = YES_AGGRESSIVE;
				GCC_WARN_UNUSED_FUNCTION = YES;
				GCC_WARN_UNUSED_VARIABLE = YES;
				IPHONEOS_DEPLOYMENT_TARGET = 14.5;
				MTL_ENABLE_DEBUG_INFO = NO;
				MTL_FAST_MATH = YES;
				SDKROOT = iphoneos;
				SWIFT_COMPILATION_MODE = wholemodule;
				SWIFT_OPTIMIZATION_LEVEL = "-O";
				VALIDATE_PRODUCT = YES;
			};
			name = Release;
		};
		A833E6ED26A60995009603F8 /* Debug */ = {
			isa = XCBuildConfiguration;
			buildSettings = {
				ASSETCATALOG_COMPILER_APPICON_NAME = AppIcon;
				ASSETCATALOG_COMPILER_GLOBAL_ACCENT_COLOR_NAME = AccentColor;
				CODE_SIGN_STYLE = Automatic;
				INFOPLIST_FILE = "To-Do List/Info.plist";
				LD_RUNPATH_SEARCH_PATHS = (
					"$(inherited)",
					"@executable_path/Frameworks",
				);
				PRODUCT_BUNDLE_IDENTIFIER = "KWK.To-Do-List";
				PRODUCT_NAME = "$(TARGET_NAME)";
				SWIFT_VERSION = 5.0;
				TARGETED_DEVICE_FAMILY = "1,2";
			};
			name = Debug;
		};
		A833E6EE26A60995009603F8 /* Release */ = {
			isa = XCBuildConfiguration;
			buildSettings = {
				ASSETCATALOG_COMPILER_APPICON_NAME = AppIcon;
				ASSETCATALOG_COMPILER_GLOBAL_ACCENT_COLOR_NAME = AccentColor;
				CODE_SIGN_STYLE = Automatic;
				INFOPLIST_FILE = "To-Do List/Info.plist";
				LD_RUNPATH_SEARCH_PATHS = (
					"$(inherited)",
					"@executable_path/Frameworks",
				);
				PRODUCT_BUNDLE_IDENTIFIER = "KWK.To-Do-List";
				PRODUCT_NAME = "$(TARGET_NAME)";
				SWIFT_VERSION = 5.0;
				TARGETED_DEVICE_FAMILY = "1,2";
			};
			name = Release;
		};
/* End XCBuildConfiguration section */

/* Begin XCConfigurationList section */
		A833E6D026A60994009603F8 /* Build configuration list for PBXProject "To-Do List" */ = {
			isa = XCConfigurationList;
			buildConfigurations = (
				A833E6EA26A60995009603F8 /* Debug */,
				A833E6EB26A60995009603F8 /* Release */,
			);
			defaultConfigurationIsVisible = 0;
			defaultConfigurationName = Release;
		};
		A833E6EC26A60995009603F8 /* Build configuration list for PBXNativeTarget "To-Do List" */ = {
			isa = XCConfigurationList;
			buildConfigurations = (
				A833E6ED26A60995009603F8 /* Debug */,
				A833E6EE26A60995009603F8 /* Release */,
			);
			defaultConfigurationIsVisible = 0;
			defaultConfigurationName = Release;
		};
/* End XCConfigurationList section */

/* Begin XCVersionGroup section */
		A833E6E126A60994009603F8 /* To_Do_List.xcdatamodeld */ = {
			isa = XCVersionGroup;
			children = (
				A833E6E226A60994009603F8 /* To_Do_List.xcdatamodel */,
			);
			currentVersion = A833E6E226A60994009603F8 /* To_Do_List.xcdatamodel */;
			path = To_Do_List.xcdatamodeld;
			sourceTree = "<group>";
			versionGroupType = wrapper.xcdatamodel;
		};
/* End XCVersionGroup section */
	};
	rootObject = A833E6CD26A60994009603F8 /* Project object */;
}
